
Microsoft Visual Studio Solution File, Format Version 12.00
# Visual Studio 15
VisualStudioVersion = 15.0.27428.2043
MinimumVisualStudioVersion = 10.0.40219.1
Project("{FAE04EC0-301F-11D3-BF4B-00C04F79EFBC}") = "Vidly", "Vidly\Vidly.csproj", "{E75BEFC9-65C9-4AAA-92BA-A8900AA171B9}"
EndProject
Global
	GlobalSection(SolutionConfigurationPlatforms) = preSolution
		Debug|Any CPU = Debug|Any CPU
		Release|Any CPU = Release|Any CPU
	EndGlobalSection
	GlobalSection(ProjectConfigurationPlatforms) = postSolution
		{E75BEFC9-65C9-4AAA-92BA-A8900AA171B9}.Debug|Any CPU.ActiveCfg = Debug|Any CPU
		{E75BEFC9-65C9-4AAA-92BA-A8900AA171B9}.Debug|Any CPU.Build.0 = Debug|Any CPU
		{E75BEFC9-65C9-4AAA-92BA-A8900AA171B9}.Release|Any CPU.ActiveCfg = Release|Any CPU
		{E75BEFC9-65C9-4AAA-92BA-A8900AA171B9}.Release|Any CPU.Build.0 = Release|Any CPU
	EndGlobalSection
	GlobalSection(SolutionProperties) = preSolution
		HideSolutionNode = FALSE
	EndGlobalSection
	GlobalSection(ExtensibilityGlobals) = postSolution
		SolutionGuid = {30AFE5D4-3929-448C-80C4-CA96BAFA2788}
	EndGlobalSection
EndGlobal
